
Microsoft Visual Studio Solution File, Format Version 12.00
# Visual Studio Version 17
VisualStudioVersion = 17.5.33516.290
MinimumVisualStudioVersion = 10.0.40219.1
Project("{8BC9CEB8-8B4A-11D0-8D11-00A0C91BC942}") = "상목게임(과제)", "상목게임(과제)\상목게임(과제).vcxproj", "{53BDE1BB-975B-44B7-981A-30B3B02A2FCD}"
EndProject
Global
	GlobalSection(SolutionConfigurationPlatforms) = preSolution
		Debug|x64 = Debug|x64
		Debug|x86 = Debug|x86
		Release|x64 = Release|x64
		Release|x86 = Release|x86
	EndGlobalSection
	GlobalSection(ProjectConfigurationPlatforms) = postSolution
		{53BDE1BB-975B-44B7-981A-30B3B02A2FCD}.Debug|x64.ActiveCfg = Debug|x64
		{53BDE1BB-975B-44B7-981A-30B3B02A2FCD}.Debug|x64.Build.0 = Debug|x64
		{53BDE1BB-975B-44B7-981A-30B3B02A2FCD}.Debug|x86.ActiveCfg = Debug|Win32
		{53BDE1BB-975B-44B7-981A-30B3B02A2FCD}.Debug|x86.Build.0 = Debug|Win32
		{53BDE1BB-975B-44B7-981A-30B3B02A2FCD}.Release|x64.ActiveCfg = Release|x64
		{53BDE1BB-975B-44B7-981A-30B3B02A2FCD}.Release|x64.Build.0 = Release|x64
		{53BDE1BB-975B-44B7-981A-30B3B02A2FCD}.Release|x86.ActiveCfg = Release|Win32
		{53BDE1BB-975B-44B7-981A-30B3B02A2FCD}.Release|x86.Build.0 = Release|Win32
	EndGlobalSection
	GlobalSection(SolutionProperties) = preSolution
		HideSolutionNode = FALSE
	EndGlobalSection
	GlobalSection(ExtensibilityGlobals) = postSolution
		SolutionGuid = {2BE265F4-3D1E-43E1-A70A-D93D1CF2DD8A}
	EndGlobalSection
EndGlobal
